
Microsoft Visual Studio Solution File, Format Version 12.00
# Visual Studio 2013
VisualStudioVersion = 12.0.40629.0
MinimumVisualStudioVersion = 10.0.40219.1
Project("{FAE04EC0-301F-11D3-BF4B-00C04F79EFBC}") = "Dota2CalculationServiceAPI", "Dota2CalculationService\Dota2CalculationServiceAPI.csproj", "{29407EE7-BD65-4829-BAC5-5F6D32199F44}"
EndProject
Project("{FAE04EC0-301F-11D3-BF4B-00C04F79EFBC}") = "Dota2CalculationService.Tests", "Dota2CalculationService.Tests\Dota2CalculationService.Tests.csproj", "{1FFC91F2-1E2F-4934-A0E9-08D810A2C98C}"
EndProject
Project("{FAE04EC0-301F-11D3-BF4B-00C04F79EFBC}") = "Dota2WebAPI", "Dota2WebAPI\Dota2WebAPI.csproj", "{46FE012A-9F5D-400F-BAAF-8890A7958E9B}"
	ProjectSection(ProjectDependencies) = postProject
		{29407EE7-BD65-4829-BAC5-5F6D32199F44} = {29407EE7-BD65-4829-BAC5-5F6D32199F44}
		{1FFC91F2-1E2F-4934-A0E9-08D810A2C98C} = {1FFC91F2-1E2F-4934-A0E9-08D810A2C98C}
	EndProjectSection
EndProject
Project("{FAE04EC0-301F-11D3-BF4B-00C04F79EFBC}") = "Dota2WebAPI.Tests", "Dota2WebAPI.Tests\Dota2WebAPI.Tests.csproj", "{2B46E755-C077-44CB-8B65-825A248293C9}"
EndProject
Project("{FAE04EC0-301F-11D3-BF4B-00C04F79EFBC}") = "CustomCalculationServiceConnectionLib", "CustomCalculationServiceConnectionLib\CustomCalculationServiceConnectionLib.csproj", "{38C86FF8-6434-461A-B9BE-F4108C55669D}"
EndProject
Project("{FAE04EC0-301F-11D3-BF4B-00C04F79EFBC}") = "Data", "Data\Data.csproj", "{526C0C72-B5BE-4FBE-82F8-9974C989440D}"
EndProject
Project("{2150E333-8FDC-42A3-9474-1A3956D46DE8}") = "Dota2API", "Dota2API", "{2E5228C8-B047-4DC0-91D5-B5672C23E931}"
EndProject
Project("{2150E333-8FDC-42A3-9474-1A3956D46DE8}") = "Business", "Business", "{859702AA-E93B-45E2-A105-4D228BE6D231}"
EndProject
Project("{2150E333-8FDC-42A3-9474-1A3956D46DE8}") = "Presentation", "Presentation", "{6A62E588-B308-4C56-8928-5E73F25F2555}"
EndProject
Project("{2150E333-8FDC-42A3-9474-1A3956D46DE8}") = "Data", "Data", "{E23FF57A-818C-4AE3-8F6C-D75FEBE72ACE}"
EndProject
Project("{2150E333-8FDC-42A3-9474-1A3956D46DE8}") = "Tests", "Tests", "{93956841-DFAD-44AF-9E54-C8D0AC281163}"
EndProject
Project("{FAE04EC0-301F-11D3-BF4B-00C04F79EFBC}") = "DatabaseEntities", "DatabaseEntities\DatabaseEntities.csproj", "{CBEAA51C-CA1F-40A2-82DA-DEBBCCBE619F}"
EndProject
Project("{FAE04EC0-301F-11D3-BF4B-00C04F79EFBC}") = "ConsoleForTesting", "Test\ConsoleForTesting.csproj", "{5B156006-E340-4A65-9CCD-9024AF2BBB99}"
EndProject
Project("{FAE04EC0-301F-11D3-BF4B-00C04F79EFBC}") = "DataRepositories", "DataRepositories\DataRepositories.csproj", "{C8DD2184-26F3-42ED-8E07-5248A83AB2E4}"
EndProject
Project("{FAE04EC0-301F-11D3-BF4B-00C04F79EFBC}") = "DataRepositoriesInterfaces", "DataRepo\DataRepositoriesInterfaces.csproj", "{2664BF7C-27E9-44E7-AA0D-D2970AF1ABCA}"
EndProject
Project("{FAE04EC0-301F-11D3-BF4B-00C04F79EFBC}") = "DataInterfaces", "DataInterfaces\DataInterfaces.csproj", "{143FD4AF-5C5C-4CE7-9072-169036D0EF47}"
EndProject
Project("{FAE04EC0-301F-11D3-BF4B-00C04F79EFBC}") = "DataServices", "DataServices\DataServices.csproj", "{8ECDBA0A-2891-4655-8453-219EA3675B1F}"
EndProject
Project("{FAE04EC0-301F-11D3-BF4B-00C04F79EFBC}") = "DataAPIRepositories", "DataAPIRepositories\DataAPIRepositories.csproj", "{F6798205-DED4-4810-9E66-F78F62A213F4}"
EndProject
Project("{FAE04EC0-301F-11D3-BF4B-00C04F79EFBC}") = "DotaMVCRepresentationLayer", "DotaMVCRepresentationLayer\DotaMVCRepresentationLayer.csproj", "{CD1BBA8C-B08B-4ED9-92CF-CE868053DC33}"
EndProject
Project("{FAE04EC0-301F-11D3-BF4B-00C04F79EFBC}") = "DataMockServices", "DataMockServices\DataMockServices.csproj", "{CB0A3F1E-9D67-4981-A298-386C9917933C}"
EndProject
Project("{FAE04EC0-301F-11D3-BF4B-00C04F79EFBC}") = "CalculationServices", "CalculationServices\CalculationServices.csproj", "{511B504B-078C-45D7-98EA-A6BF1560E500}"
EndProject
Project("{FAE04EC0-301F-11D3-BF4B-00C04F79EFBC}") = "CalculationServicesInterfaces", "CalculationServicesInterfaces\CalculationServicesInterfaces.csproj", "{3246D674-AE36-4D6C-A004-D24CA38B08DC}"
EndProject
Project("{FAE04EC0-301F-11D3-BF4B-00C04F79EFBC}") = "Validation", "Validation\Validation.csproj", "{0AE6702E-12E7-4679-8E63-DECC9C43E23E}"
EndProject
Project("{FAE04EC0-301F-11D3-BF4B-00C04F79EFBC}") = "DotaConsoleProgram", "DotaConsoleProgram\DotaConsoleProgram.csproj", "{EBB0A5E2-8EDA-478A-B2EB-7D75FCD078D3}"
EndProject
Project("{FAE04EC0-301F-11D3-BF4B-00C04F79EFBC}") = "DataCache", "DataCache\DataCache.csproj", "{995F9A24-655C-4378-9743-35427C3AA148}"
EndProject
Project("{FAE04EC0-301F-11D3-BF4B-00C04F79EFBC}") = "MatcheParserService", "MatcheParserService\MatcheParserService.csproj", "{3CD41F79-0F2A-4CF3-9833-9764CADB2440}"
EndProject
Project("{FAE04EC0-301F-11D3-BF4B-00C04F79EFBC}") = "MatchParserServices", "MatchParserServices\MatchParserServices.csproj", "{3AA4FF28-CA60-4C9E-9762-2361599E240B}"
EndProject
Project("{FAE04EC0-301F-11D3-BF4B-00C04F79EFBC}") = "Logger", "Logger\Logger.csproj", "{E19ABBFA-6A9B-4BC2-93CC-D97247AFA193}"
EndProject
Project("{FAE04EC0-301F-11D3-BF4B-00C04F79EFBC}") = "BaseController", "BaseController\BaseController.csproj", "{FA931E56-2433-41FB-87FA-64ED5E770F5A}"
EndProject
Global
	GlobalSection(SolutionConfigurationPlatforms) = preSolution
		Debug|Any CPU = Debug|Any CPU
		Release|Any CPU = Release|Any CPU
	EndGlobalSection
	GlobalSection(ProjectConfigurationPlatforms) = postSolution
		{29407EE7-BD65-4829-BAC5-5F6D32199F44}.Debug|Any CPU.ActiveCfg = Debug|Any CPU
		{29407EE7-BD65-4829-BAC5-5F6D32199F44}.Debug|Any CPU.Build.0 = Debug|Any CPU
		{29407EE7-BD65-4829-BAC5-5F6D32199F44}.Release|Any CPU.ActiveCfg = Release|Any CPU
		{29407EE7-BD65-4829-BAC5-5F6D32199F44}.Release|Any CPU.Build.0 = Release|Any CPU
		{1FFC91F2-1E2F-4934-A0E9-08D810A2C98C}.Debug|Any CPU.ActiveCfg = Debug|Any CPU
		{1FFC91F2-1E2F-4934-A0E9-08D810A2C98C}.Debug|Any CPU.Build.0 = Debug|Any CPU
		{1FFC91F2-1E2F-4934-A0E9-08D810A2C98C}.Release|Any CPU.ActiveCfg = Release|Any CPU
		{1FFC91F2-1E2F-4934-A0E9-08D810A2C98C}.Release|Any CPU.Build.0 = Release|Any CPU
		{46FE012A-9F5D-400F-BAAF-8890A7958E9B}.Debug|Any CPU.ActiveCfg = Debug|Any CPU
		{46FE012A-9F5D-400F-BAAF-8890A7958E9B}.Debug|Any CPU.Build.0 = Debug|Any CPU
		{46FE012A-9F5D-400F-BAAF-8890A7958E9B}.Release|Any CPU.ActiveCfg = Release|Any CPU
		{46FE012A-9F5D-400F-BAAF-8890A7958E9B}.Release|Any CPU.Build.0 = Release|Any CPU
		{2B46E755-C077-44CB-8B65-825A248293C9}.Debug|Any CPU.ActiveCfg = Debug|Any CPU
		{2B46E755-C077-44CB-8B65-825A248293C9}.Debug|Any CPU.Build.0 = Debug|Any CPU
		{2B46E755-C077-44CB-8B65-825A248293C9}.Release|Any CPU.ActiveCfg = Release|Any CPU
		{2B46E755-C077-44CB-8B65-825A248293C9}.Release|Any CPU.Build.0 = Release|Any CPU
		{38C86FF8-6434-461A-B9BE-F4108C55669D}.Debug|Any CPU.ActiveCfg = Debug|Any CPU
		{38C86FF8-6434-461A-B9BE-F4108C55669D}.Debug|Any CPU.Build.0 = Debug|Any CPU
		{38C86FF8-6434-461A-B9BE-F4108C55669D}.Release|Any CPU.ActiveCfg = Release|Any CPU
		{38C86FF8-6434-461A-B9BE-F4108C55669D}.Release|Any CPU.Build.0 = Release|Any CPU
		{526C0C72-B5BE-4FBE-82F8-9974C989440D}.Debug|Any CPU.ActiveCfg = Debug|Any CPU
		{526C0C72-B5BE-4FBE-82F8-9974C989440D}.Debug|Any CPU.Build.0 = Debug|Any CPU
		{526C0C72-B5BE-4FBE-82F8-9974C989440D}.Release|Any CPU.ActiveCfg = Release|Any CPU
		{526C0C72-B5BE-4FBE-82F8-9974C989440D}.Release|Any CPU.Build.0 = Release|Any CPU
		{CBEAA51C-CA1F-40A2-82DA-DEBBCCBE619F}.Debug|Any CPU.ActiveCfg = Debug|Any CPU
		{CBEAA51C-CA1F-40A2-82DA-DEBBCCBE619F}.Debug|Any CPU.Build.0 = Debug|Any CPU
		{CBEAA51C-CA1F-40A2-82DA-DEBBCCBE619F}.Release|Any CPU.ActiveCfg = Release|Any CPU
		{CBEAA51C-CA1F-40A2-82DA-DEBBCCBE619F}.Release|Any CPU.Build.0 = Release|Any CPU
		{5B156006-E340-4A65-9CCD-9024AF2BBB99}.Debug|Any CPU.ActiveCfg = Debug|Any CPU
		{5B156006-E340-4A65-9CCD-9024AF2BBB99}.Debug|Any CPU.Build.0 = Debug|Any CPU
		{5B156006-E340-4A65-9CCD-9024AF2BBB99}.Release|Any CPU.ActiveCfg = Release|Any CPU
		{5B156006-E340-4A65-9CCD-9024AF2BBB99}.Release|Any CPU.Build.0 = Release|Any CPU
		{C8DD2184-26F3-42ED-8E07-5248A83AB2E4}.Debug|Any CPU.ActiveCfg = Debug|Any CPU
		{C8DD2184-26F3-42ED-8E07-5248A83AB2E4}.Debug|Any CPU.Build.0 = Debug|Any CPU
		{C8DD2184-26F3-42ED-8E07-5248A83AB2E4}.Release|Any CPU.ActiveCfg = Release|Any CPU
		{C8DD2184-26F3-42ED-8E07-5248A83AB2E4}.Release|Any CPU.Build.0 = Release|Any CPU
		{2664BF7C-27E9-44E7-AA0D-D2970AF1ABCA}.Debug|Any CPU.ActiveCfg = Debug|Any CPU
		{2664BF7C-27E9-44E7-AA0D-D2970AF1ABCA}.Debug|Any CPU.Build.0 = Debug|Any CPU
		{2664BF7C-27E9-44E7-AA0D-D2970AF1ABCA}.Release|Any CPU.ActiveCfg = Release|Any CPU
		{2664BF7C-27E9-44E7-AA0D-D2970AF1ABCA}.Release|Any CPU.Build.0 = Release|Any CPU
		{143FD4AF-5C5C-4CE7-9072-169036D0EF47}.Debug|Any CPU.ActiveCfg = Debug|Any CPU
		{143FD4AF-5C5C-4CE7-9072-169036D0EF47}.Debug|Any CPU.Build.0 = Debug|Any CPU
		{143FD4AF-5C5C-4CE7-9072-169036D0EF47}.Release|Any CPU.ActiveCfg = Release|Any CPU
		{143FD4AF-5C5C-4CE7-9072-169036D0EF47}.Release|Any CPU.Build.0 = Release|Any CPU
		{8ECDBA0A-2891-4655-8453-219EA3675B1F}.Debug|Any CPU.ActiveCfg = Debug|Any CPU
		{8ECDBA0A-2891-4655-8453-219EA3675B1F}.Debug|Any CPU.Build.0 = Debug|Any CPU
		{8ECDBA0A-2891-4655-8453-219EA3675B1F}.Release|Any CPU.ActiveCfg = Release|Any CPU
		{8ECDBA0A-2891-4655-8453-219EA3675B1F}.Release|Any CPU.Build.0 = Release|Any CPU
		{F6798205-DED4-4810-9E66-F78F62A213F4}.Debug|Any CPU.ActiveCfg = Debug|Any CPU
		{F6798205-DED4-4810-9E66-F78F62A213F4}.Debug|Any CPU.Build.0 = Debug|Any CPU
		{F6798205-DED4-4810-9E66-F78F62A213F4}.Release|Any CPU.ActiveCfg = Release|Any CPU
		{F6798205-DED4-4810-9E66-F78F62A213F4}.Release|Any CPU.Build.0 = Release|Any CPU
		{CD1BBA8C-B08B-4ED9-92CF-CE868053DC33}.Debug|Any CPU.ActiveCfg = Debug|Any CPU
		{CD1BBA8C-B08B-4ED9-92CF-CE868053DC33}.Debug|Any CPU.Build.0 = Debug|Any CPU
		{CD1BBA8C-B08B-4ED9-92CF-CE868053DC33}.Release|Any CPU.ActiveCfg = Release|Any CPU
		{CD1BBA8C-B08B-4ED9-92CF-CE868053DC33}.Release|Any CPU.Build.0 = Release|Any CPU
		{CB0A3F1E-9D67-4981-A298-386C9917933C}.Debug|Any CPU.ActiveCfg = Debug|Any CPU
		{CB0A3F1E-9D67-4981-A298-386C9917933C}.Debug|Any CPU.Build.0 = Debug|Any CPU
		{CB0A3F1E-9D67-4981-A298-386C9917933C}.Release|Any CPU.ActiveCfg = Release|Any CPU
		{CB0A3F1E-9D67-4981-A298-386C9917933C}.Release|Any CPU.Build.0 = Release|Any CPU
		{511B504B-078C-45D7-98EA-A6BF1560E500}.Debug|Any CPU.ActiveCfg = Debug|Any CPU
		{511B504B-078C-45D7-98EA-A6BF1560E500}.Debug|Any CPU.Build.0 = Debug|Any CPU
		{511B504B-078C-45D7-98EA-A6BF1560E500}.Release|Any CPU.ActiveCfg = Release|Any CPU
		{511B504B-078C-45D7-98EA-A6BF1560E500}.Release|Any CPU.Build.0 = Release|Any CPU
		{3246D674-AE36-4D6C-A004-D24CA38B08DC}.Debug|Any CPU.ActiveCfg = Debug|Any CPU
		{3246D674-AE36-4D6C-A004-D24CA38B08DC}.Debug|Any CPU.Build.0 = Debug|Any CPU
		{3246D674-AE36-4D6C-A004-D24CA38B08DC}.Release|Any CPU.ActiveCfg = Release|Any CPU
		{3246D674-AE36-4D6C-A004-D24CA38B08DC}.Release|Any CPU.Build.0 = Release|Any CPU
		{0AE6702E-12E7-4679-8E63-DECC9C43E23E}.Debug|Any CPU.ActiveCfg = Debug|Any CPU
		{0AE6702E-12E7-4679-8E63-DECC9C43E23E}.Debug|Any CPU.Build.0 = Debug|Any CPU
		{0AE6702E-12E7-4679-8E63-DECC9C43E23E}.Release|Any CPU.ActiveCfg = Release|Any CPU
		{0AE6702E-12E7-4679-8E63-DECC9C43E23E}.Release|Any CPU.Build.0 = Release|Any CPU
		{EBB0A5E2-8EDA-478A-B2EB-7D75FCD078D3}.Debug|Any CPU.ActiveCfg = Debug|Any CPU
		{EBB0A5E2-8EDA-478A-B2EB-7D75FCD078D3}.Debug|Any CPU.Build.0 = Debug|Any CPU
		{EBB0A5E2-8EDA-478A-B2EB-7D75FCD078D3}.Release|Any CPU.ActiveCfg = Release|Any CPU
		{EBB0A5E2-8EDA-478A-B2EB-7D75FCD078D3}.Release|Any CPU.Build.0 = Release|Any CPU
		{995F9A24-655C-4378-9743-35427C3AA148}.Debug|Any CPU.ActiveCfg = Debug|Any CPU
		{995F9A24-655C-4378-9743-35427C3AA148}.Debug|Any CPU.Build.0 = Debug|Any CPU
		{995F9A24-655C-4378-9743-35427C3AA148}.Release|Any CPU.ActiveCfg = Release|Any CPU
		{995F9A24-655C-4378-9743-35427C3AA148}.Release|Any CPU.Build.0 = Release|Any CPU
		{3CD41F79-0F2A-4CF3-9833-9764CADB2440}.Debug|Any CPU.ActiveCfg = Debug|Any CPU
		{3CD41F79-0F2A-4CF3-9833-9764CADB2440}.Debug|Any CPU.Build.0 = Debug|Any CPU
		{3CD41F79-0F2A-4CF3-9833-9764CADB2440}.Release|Any CPU.ActiveCfg = Release|Any CPU
		{3CD41F79-0F2A-4CF3-9833-9764CADB2440}.Release|Any CPU.Build.0 = Release|Any CPU
		{3AA4FF28-CA60-4C9E-9762-2361599E240B}.Debug|Any CPU.ActiveCfg = Debug|Any CPU
		{3AA4FF28-CA60-4C9E-9762-2361599E240B}.Debug|Any CPU.Build.0 = Debug|Any CPU
		{3AA4FF28-CA60-4C9E-9762-2361599E240B}.Release|Any CPU.ActiveCfg = Release|Any CPU
		{3AA4FF28-CA60-4C9E-9762-2361599E240B}.Release|Any CPU.Build.0 = Release|Any CPU
		{E19ABBFA-6A9B-4BC2-93CC-D97247AFA193}.Debug|Any CPU.ActiveCfg = Debug|Any CPU
		{E19ABBFA-6A9B-4BC2-93CC-D97247AFA193}.Debug|Any CPU.Build.0 = Debug|Any CPU
		{E19ABBFA-6A9B-4BC2-93CC-D97247AFA193}.Release|Any CPU.ActiveCfg = Release|Any CPU
		{E19ABBFA-6A9B-4BC2-93CC-D97247AFA193}.Release|Any CPU.Build.0 = Release|Any CPU
		{FA931E56-2433-41FB-87FA-64ED5E770F5A}.Debug|Any CPU.ActiveCfg = Debug|Any CPU
		{FA931E56-2433-41FB-87FA-64ED5E770F5A}.Debug|Any CPU.Build.0 = Debug|Any CPU
		{FA931E56-2433-41FB-87FA-64ED5E770F5A}.Release|Any CPU.ActiveCfg = Release|Any CPU
		{FA931E56-2433-41FB-87FA-64ED5E770F5A}.Release|Any CPU.Build.0 = Release|Any CPU
	EndGlobalSection
	GlobalSection(SolutionProperties) = preSolution
		HideSolutionNode = FALSE
	EndGlobalSection
	GlobalSection(NestedProjects) = preSolution
		{29407EE7-BD65-4829-BAC5-5F6D32199F44} = {859702AA-E93B-45E2-A105-4D228BE6D231}
		{1FFC91F2-1E2F-4934-A0E9-08D810A2C98C} = {93956841-DFAD-44AF-9E54-C8D0AC281163}
		{46FE012A-9F5D-400F-BAAF-8890A7958E9B} = {6A62E588-B308-4C56-8928-5E73F25F2555}
		{2B46E755-C077-44CB-8B65-825A248293C9} = {93956841-DFAD-44AF-9E54-C8D0AC281163}
		{38C86FF8-6434-461A-B9BE-F4108C55669D} = {859702AA-E93B-45E2-A105-4D228BE6D231}
		{526C0C72-B5BE-4FBE-82F8-9974C989440D} = {E23FF57A-818C-4AE3-8F6C-D75FEBE72ACE}
		{859702AA-E93B-45E2-A105-4D228BE6D231} = {2E5228C8-B047-4DC0-91D5-B5672C23E931}
		{6A62E588-B308-4C56-8928-5E73F25F2555} = {2E5228C8-B047-4DC0-91D5-B5672C23E931}
		{E23FF57A-818C-4AE3-8F6C-D75FEBE72ACE} = {2E5228C8-B047-4DC0-91D5-B5672C23E931}
		{93956841-DFAD-44AF-9E54-C8D0AC281163} = {2E5228C8-B047-4DC0-91D5-B5672C23E931}
		{CBEAA51C-CA1F-40A2-82DA-DEBBCCBE619F} = {E23FF57A-818C-4AE3-8F6C-D75FEBE72ACE}
		{5B156006-E340-4A65-9CCD-9024AF2BBB99} = {859702AA-E93B-45E2-A105-4D228BE6D231}
		{C8DD2184-26F3-42ED-8E07-5248A83AB2E4} = {E23FF57A-818C-4AE3-8F6C-D75FEBE72ACE}
		{2664BF7C-27E9-44E7-AA0D-D2970AF1ABCA} = {E23FF57A-818C-4AE3-8F6C-D75FEBE72ACE}
		{143FD4AF-5C5C-4CE7-9072-169036D0EF47} = {E23FF57A-818C-4AE3-8F6C-D75FEBE72ACE}
		{8ECDBA0A-2891-4655-8453-219EA3675B1F} = {859702AA-E93B-45E2-A105-4D228BE6D231}
		{F6798205-DED4-4810-9E66-F78F62A213F4} = {E23FF57A-818C-4AE3-8F6C-D75FEBE72ACE}
		{CD1BBA8C-B08B-4ED9-92CF-CE868053DC33} = {6A62E588-B308-4C56-8928-5E73F25F2555}
		{CB0A3F1E-9D67-4981-A298-386C9917933C} = {E23FF57A-818C-4AE3-8F6C-D75FEBE72ACE}
		{511B504B-078C-45D7-98EA-A6BF1560E500} = {859702AA-E93B-45E2-A105-4D228BE6D231}
		{3246D674-AE36-4D6C-A004-D24CA38B08DC} = {859702AA-E93B-45E2-A105-4D228BE6D231}
		{0AE6702E-12E7-4679-8E63-DECC9C43E23E} = {859702AA-E93B-45E2-A105-4D228BE6D231}
		{EBB0A5E2-8EDA-478A-B2EB-7D75FCD078D3} = {859702AA-E93B-45E2-A105-4D228BE6D231}
		{995F9A24-655C-4378-9743-35427C3AA148} = {E23FF57A-818C-4AE3-8F6C-D75FEBE72ACE}
		{3CD41F79-0F2A-4CF3-9833-9764CADB2440} = {6A62E588-B308-4C56-8928-5E73F25F2555}
		{3AA4FF28-CA60-4C9E-9762-2361599E240B} = {859702AA-E93B-45E2-A105-4D228BE6D231}
		{E19ABBFA-6A9B-4BC2-93CC-D97247AFA193} = {859702AA-E93B-45E2-A105-4D228BE6D231}
		{FA931E56-2433-41FB-87FA-64ED5E770F5A} = {859702AA-E93B-45E2-A105-4D228BE6D231}
	EndGlobalSection
EndGlobal
